// !$*UTF8*$!
{
	archiveVersion = 1;
	classes = {
	};
	objectVersion = 48;
	objects = {

/* Begin PBXBuildFile section */
		1A93BEBD952AD9D5997D4EB6 /* Pods_Falta_Muito_.framework in Frameworks */ = {isa = PBXBuildFile; fileRef = 73762544A6C82514CF546CEA /* Pods_Falta_Muito_.framework */; };
		2D167777207BD66300C099F6 /* NoteTemplatePresenter.swift in Sources */ = {isa = PBXBuildFile; fileRef = 2D167776207BD66300C099F6 /* NoteTemplatePresenter.swift */; };
		2D1C53CD207CFD84006C2816 /* SetNoteTemplateViewController.swift in Sources */ = {isa = PBXBuildFile; fileRef = 2D1C53CC207CFD84006C2816 /* SetNoteTemplateViewController.swift */; };
		2D1C53CF207D1D54006C2816 /* NoteTemplateTableCell.xib in Resources */ = {isa = PBXBuildFile; fileRef = 2D1C53CE207D1D54006C2816 /* NoteTemplateTableCell.xib */; };
		2D1C53D1207D1F7F006C2816 /* NoteTemplateTableViewCell.swift in Sources */ = {isa = PBXBuildFile; fileRef = 2D1C53D0207D1F7F006C2816 /* NoteTemplateTableViewCell.swift */; };
		2D3B71C52080E79600A38FD3 /* AboutViewController.swift in Sources */ = {isa = PBXBuildFile; fileRef = 2D3B71C42080E79600A38FD3 /* AboutViewController.swift */; };
		2D3C11BF20863C8D003C89B7 /* GoogleService-Info.plist in Resources */ = {isa = PBXBuildFile; fileRef = 2D3C11BE20863C8D003C89B7 /* GoogleService-Info.plist */; };
		2D4563F7202B785300A25235 /* Period+CoreDataClass.swift in Sources */ = {isa = PBXBuildFile; fileRef = 2D4563F5202B785300A25235 /* Period+CoreDataClass.swift */; };
		2D4563F8202B785300A25235 /* Period+CoreDataProperties.swift in Sources */ = {isa = PBXBuildFile; fileRef = 2D4563F6202B785300A25235 /* Period+CoreDataProperties.swift */; };
		2D4563FB202B793F00A25235 /* CoreDataStack.swift in Sources */ = {isa = PBXBuildFile; fileRef = 2D4563FA202B793F00A25235 /* CoreDataStack.swift */; };
		2D4563FD202B79C400A25235 /* CoreDataService.swift in Sources */ = {isa = PBXBuildFile; fileRef = 2D4563FC202B79C400A25235 /* CoreDataService.swift */; };
		2D456400202B7B8A00A25235 /* PeriodPresenter.swift in Sources */ = {isa = PBXBuildFile; fileRef = 2D4563FF202B7B8A00A25235 /* PeriodPresenter.swift */; };
		2D502C1C20C46C4A009975A0 /* NotePresenter.swift in Sources */ = {isa = PBXBuildFile; fileRef = 2D5BE1BB2072659F0094A6DC /* NotePresenter.swift */; };
		2D502C1D20C46C4A009975A0 /* Period+CoreDataProperties.swift in Sources */ = {isa = PBXBuildFile; fileRef = 2D4563F6202B785300A25235 /* Period+CoreDataProperties.swift */; };
		2D502C1E20C46C4A009975A0 /* Course+CoreDataProperties.swift in Sources */ = {isa = PBXBuildFile; fileRef = 2D955023202CA693001BF93F /* Course+CoreDataProperties.swift */; };
		2D502C1F20C46C4A009975A0 /* SetNoteTemplateViewController.swift in Sources */ = {isa = PBXBuildFile; fileRef = 2D1C53CC207CFD84006C2816 /* SetNoteTemplateViewController.swift */; };
		2D502C2020C46C4A009975A0 /* ViewController.swift in Sources */ = {isa = PBXBuildFile; fileRef = 2DD0A6C3200D315800B18E07 /* ViewController.swift */; };
		2D502C2120C46C4A009975A0 /* CourseDetailViewController.swift in Sources */ = {isa = PBXBuildFile; fileRef = 2DA0B32C20752492002CEBE8 /* CourseDetailViewController.swift */; };
		2D502C2220C46C4A009975A0 /* CoreDataService.swift in Sources */ = {isa = PBXBuildFile; fileRef = 2D4563FC202B79C400A25235 /* CoreDataService.swift */; };
		2D502C2320C46C4A009975A0 /* Note+CoreDataProperties.swift in Sources */ = {isa = PBXBuildFile; fileRef = 2D955021202CA693001BF93F /* Note+CoreDataProperties.swift */; };
		2D502C2420C46C4A009975A0 /* AboutViewController.swift in Sources */ = {isa = PBXBuildFile; fileRef = 2D3B71C42080E79600A38FD3 /* AboutViewController.swift */; };
		2D502C2520C46C4A009975A0 /* NoteTemplatePresenter.swift in Sources */ = {isa = PBXBuildFile; fileRef = 2D167776207BD66300C099F6 /* NoteTemplatePresenter.swift */; };
		2D502C2620C46C4A009975A0 /* AnalyticsService.swift in Sources */ = {isa = PBXBuildFile; fileRef = 2D6D873A20854CB3005AF594 /* AnalyticsService.swift */; };
		2D502C2720C46C4A009975A0 /* NoteTemplate+CoreDataClass.swift in Sources */ = {isa = PBXBuildFile; fileRef = 2D6E9EE6207AF11C00A9759F /* NoteTemplate+CoreDataClass.swift */; };
		2D502C2820C46C4A009975A0 /* NoteTemplateTableViewCell.swift in Sources */ = {isa = PBXBuildFile; fileRef = 2D1C53D0207D1F7F006C2816 /* NoteTemplateTableViewCell.swift */; };
		2D502C2920C46C4A009975A0 /* NoteDetailTableViewCell.swift in Sources */ = {isa = PBXBuildFile; fileRef = 2DA0B32A207523C0002CEBE8 /* NoteDetailTableViewCell.swift */; };
		2D502C2A20C46C4A009975A0 /* NoteTableViewCell.swift in Sources */ = {isa = PBXBuildFile; fileRef = 2D556E5B202E024F00A3DF8D /* NoteTableViewCell.swift */; };
		2D502C2B20C46C4A009975A0 /* DefaultTextField.swift in Sources */ = {isa = PBXBuildFile; fileRef = 2DF89F9E207FF79A005256CD /* DefaultTextField.swift */; };
		2D502C2C20C46C4A009975A0 /* AppDelegate.swift in Sources */ = {isa = PBXBuildFile; fileRef = 2DD0A6C1200D315800B18E07 /* AppDelegate.swift */; };
		2D502C2D20C46C4A009975A0 /* CoursesViewController.swift in Sources */ = {isa = PBXBuildFile; fileRef = 2D5BE1BD207281B70094A6DC /* CoursesViewController.swift */; };
		2D502C2E20C46C4A009975A0 /* PeriodPresenter.swift in Sources */ = {isa = PBXBuildFile; fileRef = 2D4563FF202B7B8A00A25235 /* PeriodPresenter.swift */; };
		2D502C2F20C46C4A009975A0 /* CourseTableViewCell.swift in Sources */ = {isa = PBXBuildFile; fileRef = 2D5BE1C1207284480094A6DC /* CourseTableViewCell.swift */; };
		2D502C3020C46C4A009975A0 /* CoreDataStack.swift in Sources */ = {isa = PBXBuildFile; fileRef = 2D4563FA202B793F00A25235 /* CoreDataStack.swift */; };
		2D502C3120C46C4A009975A0 /* SetCoursesViewController.swift in Sources */ = {isa = PBXBuildFile; fileRef = 2D556E55202D1F8100A3DF8D /* SetCoursesViewController.swift */; };
		2D502C3220C46C4A009975A0 /* NewPeriodViewController.swift in Sources */ = {isa = PBXBuildFile; fileRef = 2DB0AC9A202B3F8600785509 /* NewPeriodViewController.swift */; };
		2D502C3320C46C4A009975A0 /* Course+CoreDataClass.swift in Sources */ = {isa = PBXBuildFile; fileRef = 2D955022202CA693001BF93F /* Course+CoreDataClass.swift */; };
		2D502C3420C46C4A009975A0 /* CreateNoteTemplateViewController.swift in Sources */ = {isa = PBXBuildFile; fileRef = 2D556E57202DFA1400A3DF8D /* CreateNoteTemplateViewController.swift */; };
		2D502C3520C46C4A009975A0 /* Falta_Muito.xcdatamodeld in Sources */ = {isa = PBXBuildFile; fileRef = 2DD0A6C8200D315800B18E07 /* Falta_Muito.xcdatamodeld */; };
		2D502C3620C46C4A009975A0 /* PeriodViewController.swift in Sources */ = {isa = PBXBuildFile; fileRef = 2DA51F052019588000ED6B3F /* PeriodViewController.swift */; };
		2D502C3720C46C4A009975A0 /* NoteTemplate+CoreDataProperties.swift in Sources */ = {isa = PBXBuildFile; fileRef = 2D6E9EE7207AF11C00A9759F /* NoteTemplate+CoreDataProperties.swift */; };
		2D502C3820C46C4A009975A0 /* CoursePresenter.swift in Sources */ = {isa = PBXBuildFile; fileRef = 2DEC84882071BA4F0004B55E /* CoursePresenter.swift */; };
		2D502C3920C46C4A009975A0 /* Note+CoreDataClass.swift in Sources */ = {isa = PBXBuildFile; fileRef = 2D955020202CA693001BF93F /* Note+CoreDataClass.swift */; };
		2D502C3A20C46C4A009975A0 /* Period+CoreDataClass.swift in Sources */ = {isa = PBXBuildFile; fileRef = 2D4563F5202B785300A25235 /* Period+CoreDataClass.swift */; };
		2D502C3B20C46C4A009975A0 /* PeriodTableViewCell.swift in Sources */ = {isa = PBXBuildFile; fileRef = 2DA51F0C2019624900ED6B3F /* PeriodTableViewCell.swift */; };
		2D502C3F20C46C4A009975A0 /* LaunchScreen.storyboard in Resources */ = {isa = PBXBuildFile; fileRef = 2DD0A6CD200D315800B18E07 /* LaunchScreen.storyboard */; };
		2D502C4020C46C4A009975A0 /* Assets.xcassets in Resources */ = {isa = PBXBuildFile; fileRef = 2DD0A6CB200D315800B18E07 /* Assets.xcassets */; };
		2D502C4120C46C4A009975A0 /* GoogleService-Info.plist in Resources */ = {isa = PBXBuildFile; fileRef = 2D3C11BE20863C8D003C89B7 /* GoogleService-Info.plist */; };
		2D502C4220C46C4A009975A0 /* NoteTableCell.xib in Resources */ = {isa = PBXBuildFile; fileRef = 2D556E59202E014900A3DF8D /* NoteTableCell.xib */; };
		2D502C4320C46C4A009975A0 /* CourseTableCell.xib in Resources */ = {isa = PBXBuildFile; fileRef = 2D5BE1BF207284060094A6DC /* CourseTableCell.xib */; };
		2D502C4420C46C4A009975A0 /* NoteTemplateTableCell.xib in Resources */ = {isa = PBXBuildFile; fileRef = 2D1C53CE207D1D54006C2816 /* NoteTemplateTableCell.xib */; };
		2D502C4520C46C4A009975A0 /* NoteDetailTableCell.xib in Resources */ = {isa = PBXBuildFile; fileRef = 2DA0B328207522FF002CEBE8 /* NoteDetailTableCell.xib */; };
		2D502C4620C46C4A009975A0 /* Main.storyboard in Resources */ = {isa = PBXBuildFile; fileRef = 2DD0A6C5200D315800B18E07 /* Main.storyboard */; };
		2D502C4720C46C4A009975A0 /* PeriodTableCell.xib in Resources */ = {isa = PBXBuildFile; fileRef = 2DA51F092019615200ED6B3F /* PeriodTableCell.xib */; };
		2D502C5220C46E6A009975A0 /* Settings.plist in Resources */ = {isa = PBXBuildFile; fileRef = 2D502C5120C46E6A009975A0 /* Settings.plist */; };
		2D502C5420C46E7A009975A0 /* Settings.plist in Resources */ = {isa = PBXBuildFile; fileRef = 2D502C5320C46E7A009975A0 /* Settings.plist */; };
		2D556E56202D1F8100A3DF8D /* SetCoursesViewController.swift in Sources */ = {isa = PBXBuildFile; fileRef = 2D556E55202D1F8100A3DF8D /* SetCoursesViewController.swift */; };
		2D556E58202DFA1400A3DF8D /* CreateNoteTemplateViewController.swift in Sources */ = {isa = PBXBuildFile; fileRef = 2D556E57202DFA1400A3DF8D /* CreateNoteTemplateViewController.swift */; };
		2D556E5A202E014900A3DF8D /* NoteTableCell.xib in Resources */ = {isa = PBXBuildFile; fileRef = 2D556E59202E014900A3DF8D /* NoteTableCell.xib */; };
		2D556E5C202E024F00A3DF8D /* NoteTableViewCell.swift in Sources */ = {isa = PBXBuildFile; fileRef = 2D556E5B202E024F00A3DF8D /* NoteTableViewCell.swift */; };
		2D5BE1BC2072659F0094A6DC /* NotePresenter.swift in Sources */ = {isa = PBXBuildFile; fileRef = 2D5BE1BB2072659F0094A6DC /* NotePresenter.swift */; };
		2D5BE1BE207281B70094A6DC /* CoursesViewController.swift in Sources */ = {isa = PBXBuildFile; fileRef = 2D5BE1BD207281B70094A6DC /* CoursesViewController.swift */; };
		2D5BE1C0207284060094A6DC /* CourseTableCell.xib in Resources */ = {isa = PBXBuildFile; fileRef = 2D5BE1BF207284060094A6DC /* CourseTableCell.xib */; };
		2D5BE1C2207284480094A6DC /* CourseTableViewCell.swift in Sources */ = {isa = PBXBuildFile; fileRef = 2D5BE1C1207284480094A6DC /* CourseTableViewCell.swift */; };
		2D6D873B20854CB3005AF594 /* AnalyticsService.swift in Sources */ = {isa = PBXBuildFile; fileRef = 2D6D873A20854CB3005AF594 /* AnalyticsService.swift */; };
		2D6E9EE8207AF11C00A9759F /* NoteTemplate+CoreDataClass.swift in Sources */ = {isa = PBXBuildFile; fileRef = 2D6E9EE6207AF11C00A9759F /* NoteTemplate+CoreDataClass.swift */; };
		2D6E9EE9207AF11C00A9759F /* NoteTemplate+CoreDataProperties.swift in Sources */ = {isa = PBXBuildFile; fileRef = 2D6E9EE7207AF11C00A9759F /* NoteTemplate+CoreDataProperties.swift */; };
		2D955024202CA693001BF93F /* Note+CoreDataClass.swift in Sources */ = {isa = PBXBuildFile; fileRef = 2D955020202CA693001BF93F /* Note+CoreDataClass.swift */; };
		2D955025202CA693001BF93F /* Note+CoreDataProperties.swift in Sources */ = {isa = PBXBuildFile; fileRef = 2D955021202CA693001BF93F /* Note+CoreDataProperties.swift */; };
		2D955026202CA693001BF93F /* Course+CoreDataClass.swift in Sources */ = {isa = PBXBuildFile; fileRef = 2D955022202CA693001BF93F /* Course+CoreDataClass.swift */; };
		2D955027202CA693001BF93F /* Course+CoreDataProperties.swift in Sources */ = {isa = PBXBuildFile; fileRef = 2D955023202CA693001BF93F /* Course+CoreDataProperties.swift */; };
		2DA0B329207522FF002CEBE8 /* NoteDetailTableCell.xib in Resources */ = {isa = PBXBuildFile; fileRef = 2DA0B328207522FF002CEBE8 /* NoteDetailTableCell.xib */; };
		2DA0B32B207523C0002CEBE8 /* NoteDetailTableViewCell.swift in Sources */ = {isa = PBXBuildFile; fileRef = 2DA0B32A207523C0002CEBE8 /* NoteDetailTableViewCell.swift */; };
		2DA0B32D20752492002CEBE8 /* CourseDetailViewController.swift in Sources */ = {isa = PBXBuildFile; fileRef = 2DA0B32C20752492002CEBE8 /* CourseDetailViewController.swift */; };
		2DA51F062019588000ED6B3F /* PeriodViewController.swift in Sources */ = {isa = PBXBuildFile; fileRef = 2DA51F052019588000ED6B3F /* PeriodViewController.swift */; };
		2DA51F0A2019615200ED6B3F /* PeriodTableCell.xib in Resources */ = {isa = PBXBuildFile; fileRef = 2DA51F092019615200ED6B3F /* PeriodTableCell.xib */; };
		2DA51F0D2019624900ED6B3F /* PeriodTableViewCell.swift in Sources */ = {isa = PBXBuildFile; fileRef = 2DA51F0C2019624900ED6B3F /* PeriodTableViewCell.swift */; };
		2DB0AC9B202B3F8600785509 /* NewPeriodViewController.swift in Sources */ = {isa = PBXBuildFile; fileRef = 2DB0AC9A202B3F8600785509 /* NewPeriodViewController.swift */; };
		2DD0A6C2200D315800B18E07 /* AppDelegate.swift in Sources */ = {isa = PBXBuildFile; fileRef = 2DD0A6C1200D315800B18E07 /* AppDelegate.swift */; };
		2DD0A6C4200D315800B18E07 /* ViewController.swift in Sources */ = {isa = PBXBuildFile; fileRef = 2DD0A6C3200D315800B18E07 /* ViewController.swift */; };
		2DD0A6C7200D315800B18E07 /* Main.storyboard in Resources */ = {isa = PBXBuildFile; fileRef = 2DD0A6C5200D315800B18E07 /* Main.storyboard */; };
		2DD0A6CA200D315800B18E07 /* Falta_Muito.xcdatamodeld in Sources */ = {isa = PBXBuildFile; fileRef = 2DD0A6C8200D315800B18E07 /* Falta_Muito.xcdatamodeld */; };
		2DD0A6CC200D315800B18E07 /* Assets.xcassets in Resources */ = {isa = PBXBuildFile; fileRef = 2DD0A6CB200D315800B18E07 /* Assets.xcassets */; };
		2DD0A6CF200D315800B18E07 /* LaunchScreen.storyboard in Resources */ = {isa = PBXBuildFile; fileRef = 2DD0A6CD200D315800B18E07 /* LaunchScreen.storyboard */; };
		2DEC84892071BA4F0004B55E /* CoursePresenter.swift in Sources */ = {isa = PBXBuildFile; fileRef = 2DEC84882071BA4F0004B55E /* CoursePresenter.swift */; };
		2DF89F9F207FF79A005256CD /* DefaultTextField.swift in Sources */ = {isa = PBXBuildFile; fileRef = 2DF89F9E207FF79A005256CD /* DefaultTextField.swift */; };
		94B0DF8BBB586909A4FF711C /* Pods_Falta_Muito_.framework in Frameworks */ = {isa = PBXBuildFile; fileRef = 73762544A6C82514CF546CEA /* Pods_Falta_Muito_.framework */; };
/* End PBXBuildFile section */

/* Begin PBXFileReference section */
		285870DAD806E1D71CA7A23B /* Pods-Falta Muito?.debug.xcconfig */ = {isa = PBXFileReference; includeInIndex = 1; lastKnownFileType = text.xcconfig; name = "Pods-Falta Muito?.debug.xcconfig"; path = "Pods/Target Support Files/Pods-Falta Muito?/Pods-Falta Muito?.debug.xcconfig"; sourceTree = "<group>"; };
		2D167776207BD66300C099F6 /* NoteTemplatePresenter.swift */ = {isa = PBXFileReference; lastKnownFileType = sourcecode.swift; path = NoteTemplatePresenter.swift; sourceTree = "<group>"; };
		2D1C53CC207CFD84006C2816 /* SetNoteTemplateViewController.swift */ = {isa = PBXFileReference; lastKnownFileType = sourcecode.swift; path = SetNoteTemplateViewController.swift; sourceTree = "<group>"; };
		2D1C53CE207D1D54006C2816 /* NoteTemplateTableCell.xib */ = {isa = PBXFileReference; lastKnownFileType = file.xib; path = NoteTemplateTableCell.xib; sourceTree = "<group>"; };
		2D1C53D0207D1F7F006C2816 /* NoteTemplateTableViewCell.swift */ = {isa = PBXFileReference; lastKnownFileType = sourcecode.swift; path = NoteTemplateTableViewCell.swift; sourceTree = "<group>"; };
		2D3B71C42080E79600A38FD3 /* AboutViewController.swift */ = {isa = PBXFileReference; lastKnownFileType = sourcecode.swift; path = AboutViewController.swift; sourceTree = "<group>"; };
		2D3C11BE20863C8D003C89B7 /* GoogleService-Info.plist */ = {isa = PBXFileReference; fileEncoding = 4; lastKnownFileType = text.plist.xml; path = "GoogleService-Info.plist"; sourceTree = "<group>"; };
		2D4563F5202B785300A25235 /* Period+CoreDataClass.swift */ = {isa = PBXFileReference; lastKnownFileType = sourcecode.swift; path = "Period+CoreDataClass.swift"; sourceTree = "<group>"; };
		2D4563F6202B785300A25235 /* Period+CoreDataProperties.swift */ = {isa = PBXFileReference; lastKnownFileType = sourcecode.swift; path = "Period+CoreDataProperties.swift"; sourceTree = "<group>"; };
		2D4563FA202B793F00A25235 /* CoreDataStack.swift */ = {isa = PBXFileReference; lastKnownFileType = sourcecode.swift; path = CoreDataStack.swift; sourceTree = "<group>"; };
		2D4563FC202B79C400A25235 /* CoreDataService.swift */ = {isa = PBXFileReference; lastKnownFileType = sourcecode.swift; path = CoreDataService.swift; sourceTree = "<group>"; };
		2D4563FF202B7B8A00A25235 /* PeriodPresenter.swift */ = {isa = PBXFileReference; lastKnownFileType = sourcecode.swift; path = PeriodPresenter.swift; sourceTree = "<group>"; };
		2D502C4C20C46C4A009975A0 /* Falta Muito? PROD.app */ = {isa = PBXFileReference; explicitFileType = wrapper.application; includeInIndex = 0; path = "Falta Muito? PROD.app"; sourceTree = BUILT_PRODUCTS_DIR; };
		2D502C5120C46E6A009975A0 /* Settings.plist */ = {isa = PBXFileReference; lastKnownFileType = text.plist.xml; path = Settings.plist; sourceTree = "<group>"; };
		2D502C5320C46E7A009975A0 /* Settings.plist */ = {isa = PBXFileReference; lastKnownFileType = text.plist.xml; path = Settings.plist; sourceTree = "<group>"; };
		2D556E55202D1F8100A3DF8D /* SetCoursesViewController.swift */ = {isa = PBXFileReference; lastKnownFileType = sourcecode.swift; path = SetCoursesViewController.swift; sourceTree = "<group>"; };
		2D556E57202DFA1400A3DF8D /* CreateNoteTemplateViewController.swift */ = {isa = PBXFileReference; lastKnownFileType = sourcecode.swift; path = CreateNoteTemplateViewController.swift; sourceTree = "<group>"; };
		2D556E59202E014900A3DF8D /* NoteTableCell.xib */ = {isa = PBXFileReference; lastKnownFileType = file.xib; path = NoteTableCell.xib; sourceTree = "<group>"; };
		2D556E5B202E024F00A3DF8D /* NoteTableViewCell.swift */ = {isa = PBXFileReference; lastKnownFileType = sourcecode.swift; path = NoteTableViewCell.swift; sourceTree = "<group>"; };
		2D5BE1BB2072659F0094A6DC /* NotePresenter.swift */ = {isa = PBXFileReference; lastKnownFileType = sourcecode.swift; path = NotePresenter.swift; sourceTree = "<group>"; };
		2D5BE1BD207281B70094A6DC /* CoursesViewController.swift */ = {isa = PBXFileReference; lastKnownFileType = sourcecode.swift; path = CoursesViewController.swift; sourceTree = "<group>"; };
		2D5BE1BF207284060094A6DC /* CourseTableCell.xib */ = {isa = PBXFileReference; lastKnownFileType = file.xib; path = CourseTableCell.xib; sourceTree = "<group>"; };
		2D5BE1C1207284480094A6DC /* CourseTableViewCell.swift */ = {isa = PBXFileReference; lastKnownFileType = sourcecode.swift; path = CourseTableViewCell.swift; sourceTree = "<group>"; };
		2D6D873A20854CB3005AF594 /* AnalyticsService.swift */ = {isa = PBXFileReference; lastKnownFileType = sourcecode.swift; path = AnalyticsService.swift; sourceTree = "<group>"; };
		2D6E9EE6207AF11C00A9759F /* NoteTemplate+CoreDataClass.swift */ = {isa = PBXFileReference; lastKnownFileType = sourcecode.swift; path = "NoteTemplate+CoreDataClass.swift"; sourceTree = "<group>"; };
		2D6E9EE7207AF11C00A9759F /* NoteTemplate+CoreDataProperties.swift */ = {isa = PBXFileReference; lastKnownFileType = sourcecode.swift; path = "NoteTemplate+CoreDataProperties.swift"; sourceTree = "<group>"; };
		2D955020202CA693001BF93F /* Note+CoreDataClass.swift */ = {isa = PBXFileReference; lastKnownFileType = sourcecode.swift; path = "Note+CoreDataClass.swift"; sourceTree = "<group>"; };
		2D955021202CA693001BF93F /* Note+CoreDataProperties.swift */ = {isa = PBXFileReference; lastKnownFileType = sourcecode.swift; path = "Note+CoreDataProperties.swift"; sourceTree = "<group>"; };
		2D955022202CA693001BF93F /* Course+CoreDataClass.swift */ = {isa = PBXFileReference; lastKnownFileType = sourcecode.swift; path = "Course+CoreDataClass.swift"; sourceTree = "<group>"; };
		2D955023202CA693001BF93F /* Course+CoreDataProperties.swift */ = {isa = PBXFileReference; lastKnownFileType = sourcecode.swift; path = "Course+CoreDataProperties.swift"; sourceTree = "<group>"; };
		2DA0B328207522FF002CEBE8 /* NoteDetailTableCell.xib */ = {isa = PBXFileReference; lastKnownFileType = file.xib; path = NoteDetailTableCell.xib; sourceTree = "<group>"; };
		2DA0B32A207523C0002CEBE8 /* NoteDetailTableViewCell.swift */ = {isa = PBXFileReference; lastKnownFileType = sourcecode.swift; path = NoteDetailTableViewCell.swift; sourceTree = "<group>"; };
		2DA0B32C20752492002CEBE8 /* CourseDetailViewController.swift */ = {isa = PBXFileReference; lastKnownFileType = sourcecode.swift; path = CourseDetailViewController.swift; sourceTree = "<group>"; };
		2DA51F052019588000ED6B3F /* PeriodViewController.swift */ = {isa = PBXFileReference; lastKnownFileType = sourcecode.swift; path = PeriodViewController.swift; sourceTree = "<group>"; };
		2DA51F072019609000ED6B3F /* Falta Muito?.entitlements */ = {isa = PBXFileReference; lastKnownFileType = text.plist.entitlements; path = "Falta Muito?.entitlements"; sourceTree = "<group>"; };
		2DA51F092019615200ED6B3F /* PeriodTableCell.xib */ = {isa = PBXFileReference; lastKnownFileType = file.xib; path = PeriodTableCell.xib; sourceTree = "<group>"; };
		2DA51F0C2019624900ED6B3F /* PeriodTableViewCell.swift */ = {isa = PBXFileReference; lastKnownFileType = sourcecode.swift; path = PeriodTableViewCell.swift; sourceTree = "<group>"; };
		2DB0AC9A202B3F8600785509 /* NewPeriodViewController.swift */ = {isa = PBXFileReference; lastKnownFileType = sourcecode.swift; path = NewPeriodViewController.swift; sourceTree = "<group>"; };
		2DB6454C208540D700C99A1E /* Falta-Muito-Bridging-Header.h */ = {isa = PBXFileReference; lastKnownFileType = sourcecode.c.h; path = "Falta-Muito-Bridging-Header.h"; sourceTree = "<group>"; };
		2DD0A6BE200D315800B18E07 /* Falta Muito?.app */ = {isa = PBXFileReference; explicitFileType = wrapper.application; includeInIndex = 0; path = "Falta Muito?.app"; sourceTree = BUILT_PRODUCTS_DIR; };
		2DD0A6C1200D315800B18E07 /* AppDelegate.swift */ = {isa = PBXFileReference; lastKnownFileType = sourcecode.swift; path = AppDelegate.swift; sourceTree = "<group>"; };
		2DD0A6C3200D315800B18E07 /* ViewController.swift */ = {isa = PBXFileReference; lastKnownFileType = sourcecode.swift; path = ViewController.swift; sourceTree = "<group>"; };
		2DD0A6C6200D315800B18E07 /* Base */ = {isa = PBXFileReference; lastKnownFileType = file.storyboard; name = Base; path = Base.lproj/Main.storyboard; sourceTree = "<group>"; };
		2DD0A6C9200D315800B18E07 /* Falta_Muito_.xcdatamodel */ = {isa = PBXFileReference; lastKnownFileType = wrapper.xcdatamodel; path = Falta_Muito_.xcdatamodel; sourceTree = "<group>"; };
		2DD0A6CB200D315800B18E07 /* Assets.xcassets */ = {isa = PBXFileReference; lastKnownFileType = folder.assetcatalog; path = Assets.xcassets; sourceTree = "<group>"; };
		2DD0A6CE200D315800B18E07 /* Base */ = {isa = PBXFileReference; lastKnownFileType = file.storyboard; name = Base; path = Base.lproj/LaunchScreen.storyboard; sourceTree = "<group>"; };
		2DD0A6D0200D315800B18E07 /* Info.plist */ = {isa = PBXFileReference; lastKnownFileType = text.plist.xml; path = Info.plist; sourceTree = "<group>"; };
		2DEC84882071BA4F0004B55E /* CoursePresenter.swift */ = {isa = PBXFileReference; lastKnownFileType = sourcecode.swift; path = CoursePresenter.swift; sourceTree = "<group>"; };
		2DF89F9E207FF79A005256CD /* DefaultTextField.swift */ = {isa = PBXFileReference; lastKnownFileType = sourcecode.swift; path = DefaultTextField.swift; sourceTree = "<group>"; };
		73762544A6C82514CF546CEA /* Pods_Falta_Muito_.framework */ = {isa = PBXFileReference; explicitFileType = wrapper.framework; includeInIndex = 0; path = Pods_Falta_Muito_.framework; sourceTree = BUILT_PRODUCTS_DIR; };
		87134D85208607357F3294AE /* Pods-Falta Muito?.release.xcconfig */ = {isa = PBXFileReference; includeInIndex = 1; lastKnownFileType = text.xcconfig; name = "Pods-Falta Muito?.release.xcconfig"; path = "Pods/Target Support Files/Pods-Falta Muito?/Pods-Falta Muito?.release.xcconfig"; sourceTree = "<group>"; };
/* End PBXFileReference section */

/* Begin PBXFrameworksBuildPhase section */
		2D502C3C20C46C4A009975A0 /* Frameworks */ = {
			isa = PBXFrameworksBuildPhase;
			buildActionMask = 2147483647;
			files = (
			);
			runOnlyForDeploymentPostprocessing = 0;
		};
		2DD0A6BB200D315800B18E07 /* Frameworks */ = {
			isa = PBXFrameworksBuildPhase;
			buildActionMask = 2147483647;
			files = (
				1A93BEBD952AD9D5997D4EB6 /* Pods_Falta_Muito_.framework in Frameworks */,
				94B0DF8BBB586909A4FF711C /* Pods_Falta_Muito_.framework in Frameworks */,
			);
			runOnlyForDeploymentPostprocessing = 0;
		};
/* End PBXFrameworksBuildPhase section */

/* Begin PBXGroup section */
		04741EED5FDCD811BD39F801 /* Pods */ = {
			isa = PBXGroup;
			children = (
				285870DAD806E1D71CA7A23B /* Pods-Falta Muito?.debug.xcconfig */,
				87134D85208607357F3294AE /* Pods-Falta Muito?.release.xcconfig */,
			);
			name = Pods;
			sourceTree = "<group>";
		};
		2D4563F9202B791500A25235 /* Model */ = {
			isa = PBXGroup;
			children = (
				2D4563FA202B793F00A25235 /* CoreDataStack.swift */,
				2D6D873A20854CB3005AF594 /* AnalyticsService.swift */,
				2D4563FC202B79C400A25235 /* CoreDataService.swift */,
			);
			path = Model;
			sourceTree = "<group>";
		};
		2D4563FE202B7B6900A25235 /* Presenter */ = {
			isa = PBXGroup;
			children = (
				2D4563FF202B7B8A00A25235 /* PeriodPresenter.swift */,
				2DEC84882071BA4F0004B55E /* CoursePresenter.swift */,
				2D5BE1BB2072659F0094A6DC /* NotePresenter.swift */,
				2D167776207BD66300C099F6 /* NoteTemplatePresenter.swift */,
			);
			path = Presenter;
			sourceTree = "<group>";
		};
		2D502C4E20C46E28009975A0 /* Property lists */ = {
			isa = PBXGroup;
			children = (
				2D502C4F20C46E2D009975A0 /* DEV */,
				2D502C5020C46E32009975A0 /* PROD */,
			);
			path = "Property lists";
			sourceTree = "<group>";
		};
		2D502C4F20C46E2D009975A0 /* DEV */ = {
			isa = PBXGroup;
			children = (
				2D502C5120C46E6A009975A0 /* Settings.plist */,
			);
			path = DEV;
			sourceTree = "<group>";
		};
		2D502C5020C46E32009975A0 /* PROD */ = {
			isa = PBXGroup;
			children = (
				2D502C5320C46E7A009975A0 /* Settings.plist */,
			);
			path = PROD;
			sourceTree = "<group>";
		};
		2DA51F042019586800ED6B3F /* View */ = {
			isa = PBXGroup;
			children = (
				2DF89F9D207FF789005256CD /* Common */,
				2DA51F082019613F00ED6B3F /* TableCell */,
				2DA51F0B2019623300ED6B3F /* TableViewCell */,
				2D3B71C42080E79600A38FD3 /* AboutViewController.swift */,
				2D556E57202DFA1400A3DF8D /* CreateNoteTemplateViewController.swift */,
				2D5BE1BD207281B70094A6DC /* CoursesViewController.swift */,
				2DA0B32C20752492002CEBE8 /* CourseDetailViewController.swift */,
				2DA51F052019588000ED6B3F /* PeriodViewController.swift */,
				2DB0AC9A202B3F8600785509 /* NewPeriodViewController.swift */,
				2D556E55202D1F8100A3DF8D /* SetCoursesViewController.swift */,
				2D1C53CC207CFD84006C2816 /* SetNoteTemplateViewController.swift */,
			);
			path = View;
			sourceTree = "<group>";
		};
		2DA51F082019613F00ED6B3F /* TableCell */ = {
			isa = PBXGroup;
			children = (
				2DA51F092019615200ED6B3F /* PeriodTableCell.xib */,
				2D5BE1BF207284060094A6DC /* CourseTableCell.xib */,
				2D556E59202E014900A3DF8D /* NoteTableCell.xib */,
				2DA0B328207522FF002CEBE8 /* NoteDetailTableCell.xib */,
				2D1C53CE207D1D54006C2816 /* NoteTemplateTableCell.xib */,
			);
			path = TableCell;
			sourceTree = "<group>";
		};
		2DA51F0B2019623300ED6B3F /* TableViewCell */ = {
			isa = PBXGroup;
			children = (
				2DA51F0C2019624900ED6B3F /* PeriodTableViewCell.swift */,
				2D5BE1C1207284480094A6DC /* CourseTableViewCell.swift */,
				2D556E5B202E024F00A3DF8D /* NoteTableViewCell.swift */,
				2DA0B32A207523C0002CEBE8 /* NoteDetailTableViewCell.swift */,
				2D1C53D0207D1F7F006C2816 /* NoteTemplateTableViewCell.swift */,
			);
			path = TableViewCell;
			sourceTree = "<group>";
		};
		2DB0AC9C202B463D00785509 /* Entity */ = {
			isa = PBXGroup;
			children = (
				2D6E9EE6207AF11C00A9759F /* NoteTemplate+CoreDataClass.swift */,
				2D6E9EE7207AF11C00A9759F /* NoteTemplate+CoreDataProperties.swift */,
				2D955020202CA693001BF93F /* Note+CoreDataClass.swift */,
				2D955021202CA693001BF93F /* Note+CoreDataProperties.swift */,
				2D955022202CA693001BF93F /* Course+CoreDataClass.swift */,
				2D955023202CA693001BF93F /* Course+CoreDataProperties.swift */,
				2D4563F5202B785300A25235 /* Period+CoreDataClass.swift */,
				2D4563F6202B785300A25235 /* Period+CoreDataProperties.swift */,
			);
			path = Entity;
			sourceTree = "<group>";
		};
		2DB6454D2085429200C99A1E /* Headers */ = {
			isa = PBXGroup;
			children = (
				2DB6454C208540D700C99A1E /* Falta-Muito-Bridging-Header.h */,
			);
			path = Headers;
			sourceTree = "<group>";
		};
		2DD0A6B5200D315800B18E07 = {
			isa = PBXGroup;
			children = (
				2DD0A6C0200D315800B18E07 /* Falta Muito? */,
				2DD0A6BF200D315800B18E07 /* Products */,
				04741EED5FDCD811BD39F801 /* Pods */,
				9CEAD1C833A35677F4C08C70 /* Frameworks */,
			);
			sourceTree = "<group>";
		};
		2DD0A6BF200D315800B18E07 /* Products */ = {
			isa = PBXGroup;
			children = (
				2DD0A6BE200D315800B18E07 /* Falta Muito?.app */,
				2D502C4C20C46C4A009975A0 /* Falta Muito? PROD.app */,
			);
			name = Products;
			sourceTree = "<group>";
		};
		2DD0A6C0200D315800B18E07 /* Falta Muito? */ = {
			isa = PBXGroup;
			children = (
				2D502C4E20C46E28009975A0 /* Property lists */,
				2DB6454D2085429200C99A1E /* Headers */,
				2DB0AC9C202B463D00785509 /* Entity */,
				2D4563F9202B791500A25235 /* Model */,
				2D4563FE202B7B6900A25235 /* Presenter */,
				2DA51F042019586800ED6B3F /* View */,
				2DD0A6C1200D315800B18E07 /* AppDelegate.swift */,
				2DD0A6C3200D315800B18E07 /* ViewController.swift */,
				2DD0A6C5200D315800B18E07 /* Main.storyboard */,
				2DD0A6CB200D315800B18E07 /* Assets.xcassets */,
				2DD0A6CD200D315800B18E07 /* LaunchScreen.storyboard */,
				2DD0A6D0200D315800B18E07 /* Info.plist */,
				2DA51F072019609000ED6B3F /* Falta Muito?.entitlements */,
				2DD0A6C8200D315800B18E07 /* Falta_Muito.xcdatamodeld */,
				2D3C11BE20863C8D003C89B7 /* GoogleService-Info.plist */,
			);
			path = "Falta Muito?";
			sourceTree = "<group>";
		};
		2DF89F9D207FF789005256CD /* Common */ = {
			isa = PBXGroup;
			children = (
				2DF89F9E207FF79A005256CD /* DefaultTextField.swift */,
			);
			path = Common;
			sourceTree = "<group>";
		};
		9CEAD1C833A35677F4C08C70 /* Frameworks */ = {
			isa = PBXGroup;
			children = (
				73762544A6C82514CF546CEA /* Pods_Falta_Muito_.framework */,
			);
			name = Frameworks;
			sourceTree = "<group>";
		};
/* End PBXGroup section */

/* Begin PBXNativeTarget section */
		2D502C1920C46C4A009975A0 /* Falta Muito? PROD */ = {
			isa = PBXNativeTarget;
			buildConfigurationList = 2D502C4920C46C4A009975A0 /* Build configuration list for PBXNativeTarget "Falta Muito? PROD" */;
			buildPhases = (
				2D502C1B20C46C4A009975A0 /* Sources */,
				2D502C3C20C46C4A009975A0 /* Frameworks */,
				2D502C3E20C46C4A009975A0 /* Resources */,
			);
			buildRules = (
			);
			dependencies = (
			);
			name = "Falta Muito? PROD";
			productName = "Falta Muito?";
			productReference = 2D502C4C20C46C4A009975A0 /* Falta Muito? PROD.app */;
			productType = "com.apple.product-type.application";
		};
		2DD0A6BD200D315800B18E07 /* Falta Muito? */ = {
			isa = PBXNativeTarget;
			buildConfigurationList = 2DD0A6D3200D315800B18E07 /* Build configuration list for PBXNativeTarget "Falta Muito?" */;
			buildPhases = (
				B61B96855E38E7A411F0A6D0 /* [CP] Check Pods Manifest.lock */,
				2DD0A6BA200D315800B18E07 /* Sources */,
				2DD0A6BB200D315800B18E07 /* Frameworks */,
				2DD0A6BC200D315800B18E07 /* Resources */,
				CCEC95070382E2CB972C1678 /* [CP] Embed Pods Frameworks */,
			);
			buildRules = (
			);
			dependencies = (
			);
			name = "Falta Muito?";
			productName = "Falta Muito?";
			productReference = 2DD0A6BE200D315800B18E07 /* Falta Muito?.app */;
			productType = "com.apple.product-type.application";
		};
/* End PBXNativeTarget section */

/* Begin PBXProject section */
		2DD0A6B6200D315800B18E07 /* Project object */ = {
			isa = PBXProject;
			attributes = {
				LastSwiftUpdateCheck = 0920;
				LastUpgradeCheck = 0930;
				ORGANIZATIONNAME = "Jose Neves";
				TargetAttributes = {
					2D502C1920C46C4A009975A0 = {
						ProvisioningStyle = Automatic;
					};
					2DD0A6BD200D315800B18E07 = {
						CreatedOnToolsVersion = 9.2;
						ProvisioningStyle = Automatic;
						SystemCapabilities = {
							com.apple.Push = {
								enabled = 1;
							};
							com.apple.iCloud = {
								enabled = 0;
							};
						};
					};
				};
			};
			buildConfigurationList = 2DD0A6B9200D315800B18E07 /* Build configuration list for PBXProject "Falta Muito?" */;
			compatibilityVersion = "Xcode 8.0";
			developmentRegion = en;
			hasScannedForEncodings = 0;
			knownRegions = (
				en,
				Base,
			);
			mainGroup = 2DD0A6B5200D315800B18E07;
			productRefGroup = 2DD0A6BF200D315800B18E07 /* Products */;
			projectDirPath = "";
			projectRoot = "";
			targets = (
				2DD0A6BD200D315800B18E07 /* Falta Muito? */,
				2D502C1920C46C4A009975A0 /* Falta Muito? PROD */,
			);
		};
/* End PBXProject section */

/* Begin PBXResourcesBuildPhase section */
		2D502C3E20C46C4A009975A0 /* Resources */ = {
			isa = PBXResourcesBuildPhase;
			buildActionMask = 2147483647;
			files = (
				2D502C3F20C46C4A009975A0 /* LaunchScreen.storyboard in Resources */,
				2D502C4020C46C4A009975A0 /* Assets.xcassets in Resources */,
				2D502C4120C46C4A009975A0 /* GoogleService-Info.plist in Resources */,
				2D502C4220C46C4A009975A0 /* NoteTableCell.xib in Resources */,
				2D502C4320C46C4A009975A0 /* CourseTableCell.xib in Resources */,
				2D502C4420C46C4A009975A0 /* NoteTemplateTableCell.xib in Resources */,
				2D502C4520C46C4A009975A0 /* NoteDetailTableCell.xib in Resources */,
				2D502C4620C46C4A009975A0 /* Main.storyboard in Resources */,
				2D502C4720C46C4A009975A0 /* PeriodTableCell.xib in Resources */,
				2D502C5420C46E7A009975A0 /* Settings.plist in Resources */,
			);
			runOnlyForDeploymentPostprocessing = 0;
		};
		2DD0A6BC200D315800B18E07 /* Resources */ = {
			isa = PBXResourcesBuildPhase;
			buildActionMask = 2147483647;
			files = (
				2DD0A6CF200D315800B18E07 /* LaunchScreen.storyboard in Resources */,
				2DD0A6CC200D315800B18E07 /* Assets.xcassets in Resources */,
				2D3C11BF20863C8D003C89B7 /* GoogleService-Info.plist in Resources */,
				2D556E5A202E014900A3DF8D /* NoteTableCell.xib in Resources */,
				2D5BE1C0207284060094A6DC /* CourseTableCell.xib in Resources */,
				2D1C53CF207D1D54006C2816 /* NoteTemplateTableCell.xib in Resources */,
				2DA0B329207522FF002CEBE8 /* NoteDetailTableCell.xib in Resources */,
				2DD0A6C7200D315800B18E07 /* Main.storyboard in Resources */,
				2DA51F0A2019615200ED6B3F /* PeriodTableCell.xib in Resources */,
				2D502C5220C46E6A009975A0 /* Settings.plist in Resources */,
			);
			runOnlyForDeploymentPostprocessing = 0;
		};
/* End PBXResourcesBuildPhase section */

/* Begin PBXShellScriptBuildPhase section */
		B61B96855E38E7A411F0A6D0 /* [CP] Check Pods Manifest.lock */ = {
			isa = PBXShellScriptBuildPhase;
			buildActionMask = 2147483647;
			files = (
			);
			inputPaths = (
				"${PODS_PODFILE_DIR_PATH}/Podfile.lock",
				"${PODS_ROOT}/Manifest.lock",
			);
			name = "[CP] Check Pods Manifest.lock";
			outputPaths = (
				"$(DERIVED_FILE_DIR)/Pods-Falta Muito?-checkManifestLockResult.txt",
			);
			runOnlyForDeploymentPostprocessing = 0;
			shellPath = /bin/sh;
			shellScript = "diff \"${PODS_PODFILE_DIR_PATH}/Podfile.lock\" \"${PODS_ROOT}/Manifest.lock\" > /dev/null\nif [ $? != 0 ] ; then\n    # print error to STDERR\n    echo \"error: The sandbox is not in sync with the Podfile.lock. Run 'pod install' or update your CocoaPods installation.\" >&2\n    exit 1\nfi\n# This output is used by Xcode 'outputs' to avoid re-running this script phase.\necho \"SUCCESS\" > \"${SCRIPT_OUTPUT_FILE_0}\"\n";
			showEnvVarsInLog = 0;
		};
		CCEC95070382E2CB972C1678 /* [CP] Embed Pods Frameworks */ = {
			isa = PBXShellScriptBuildPhase;
			buildActionMask = 2147483647;
			files = (
			);
			inputPaths = (
				"${SRCROOT}/Pods/Target Support Files/Pods-Falta Muito?/Pods-Falta Muito?-frameworks.sh",
				"${BUILT_PRODUCTS_DIR}/GoogleUtilities/GoogleUtilities.framework",
				"${BUILT_PRODUCTS_DIR}/Protobuf/Protobuf.framework",
				"${BUILT_PRODUCTS_DIR}/UICircularProgressRing/UICircularProgressRing.framework",
				"${BUILT_PRODUCTS_DIR}/fluid-slider/fluid_slider.framework",
				"${BUILT_PRODUCTS_DIR}/nanopb/nanopb.framework",
				"${BUILT_PRODUCTS_DIR}/pop/pop.framework",
			);
			name = "[CP] Embed Pods Frameworks";
			outputPaths = (
				"${TARGET_BUILD_DIR}/${FRAMEWORKS_FOLDER_PATH}/GoogleUtilities.framework",
				"${TARGET_BUILD_DIR}/${FRAMEWORKS_FOLDER_PATH}/Protobuf.framework",
				"${TARGET_BUILD_DIR}/${FRAMEWORKS_FOLDER_PATH}/UICircularProgressRing.framework",
				"${TARGET_BUILD_DIR}/${FRAMEWORKS_FOLDER_PATH}/fluid_slider.framework",
				"${TARGET_BUILD_DIR}/${FRAMEWORKS_FOLDER_PATH}/nanopb.framework",
				"${TARGET_BUILD_DIR}/${FRAMEWORKS_FOLDER_PATH}/pop.framework",
			);
			runOnlyForDeploymentPostprocessing = 0;
			shellPath = /bin/sh;
			shellScript = "\"${SRCROOT}/Pods/Target Support Files/Pods-Falta Muito?/Pods-Falta Muito?-frameworks.sh\"\n";
			showEnvVarsInLog = 0;
		};
/* End PBXShellScriptBuildPhase section */

/* Begin PBXSourcesBuildPhase section */
		2D502C1B20C46C4A009975A0 /* Sources */ = {
			isa = PBXSourcesBuildPhase;
			buildActionMask = 2147483647;
			files = (
				2D502C1C20C46C4A009975A0 /* NotePresenter.swift in Sources */,
				2D502C1D20C46C4A009975A0 /* Period+CoreDataProperties.swift in Sources */,
				2D502C1E20C46C4A009975A0 /* Course+CoreDataProperties.swift in Sources */,
				2D502C1F20C46C4A009975A0 /* SetNoteTemplateViewController.swift in Sources */,
				2D502C2020C46C4A009975A0 /* ViewController.swift in Sources */,
				2D502C2120C46C4A009975A0 /* CourseDetailViewController.swift in Sources */,
				2D502C2220C46C4A009975A0 /* CoreDataService.swift in Sources */,
				2D502C2320C46C4A009975A0 /* Note+CoreDataProperties.swift in Sources */,
				2D502C2420C46C4A009975A0 /* AboutViewController.swift in Sources */,
				2D502C2520C46C4A009975A0 /* NoteTemplatePresenter.swift in Sources */,
				2D502C2620C46C4A009975A0 /* AnalyticsService.swift in Sources */,
				2D502C2720C46C4A009975A0 /* NoteTemplate+CoreDataClass.swift in Sources */,
				2D502C2820C46C4A009975A0 /* NoteTemplateTableViewCell.swift in Sources */,
				2D502C2920C46C4A009975A0 /* NoteDetailTableViewCell.swift in Sources */,
				2D502C2A20C46C4A009975A0 /* NoteTableViewCell.swift in Sources */,
				2D502C2B20C46C4A009975A0 /* DefaultTextField.swift in Sources */,
				2D502C2C20C46C4A009975A0 /* AppDelegate.swift in Sources */,
				2D502C2D20C46C4A009975A0 /* CoursesViewController.swift in Sources */,
				2D502C2E20C46C4A009975A0 /* PeriodPresenter.swift in Sources */,
				2D502C2F20C46C4A009975A0 /* CourseTableViewCell.swift in Sources */,
				2D502C3020C46C4A009975A0 /* CoreDataStack.swift in Sources */,
				2D502C3120C46C4A009975A0 /* SetCoursesViewController.swift in Sources */,
				2D502C3220C46C4A009975A0 /* NewPeriodViewController.swift in Sources */,
				2D502C3320C46C4A009975A0 /* Course+CoreDataClass.swift in Sources */,
				2D502C3420C46C4A009975A0 /* CreateNoteTemplateViewController.swift in Sources */,
				2D502C3520C46C4A009975A0 /* Falta_Muito.xcdatamodeld in Sources */,
				2D502C3620C46C4A009975A0 /* PeriodViewController.swift in Sources */,
				2D502C3720C46C4A009975A0 /* NoteTemplate+CoreDataProperties.swift in Sources */,
				2D502C3820C46C4A009975A0 /* CoursePresenter.swift in Sources */,
				2D502C3920C46C4A009975A0 /* Note+CoreDataClass.swift in Sources */,
				2D502C3A20C46C4A009975A0 /* Period+CoreDataClass.swift in Sources */,
				2D502C3B20C46C4A009975A0 /* PeriodTableViewCell.swift in Sources */,
			);
			runOnlyForDeploymentPostprocessing = 0;
		};
		2DD0A6BA200D315800B18E07 /* Sources */ = {
			isa = PBXSourcesBuildPhase;
			buildActionMask = 2147483647;
			files = (
				2D5BE1BC2072659F0094A6DC /* NotePresenter.swift in Sources */,
				2D4563F8202B785300A25235 /* Period+CoreDataProperties.swift in Sources */,
				2D955027202CA693001BF93F /* Course+CoreDataProperties.swift in Sources */,
				2D1C53CD207CFD84006C2816 /* SetNoteTemplateViewController.swift in Sources */,
				2DD0A6C4200D315800B18E07 /* ViewController.swift in Sources */,
				2DA0B32D20752492002CEBE8 /* CourseDetailViewController.swift in Sources */,
				2D4563FD202B79C400A25235 /* CoreDataService.swift in Sources */,
				2D955025202CA693001BF93F /* Note+CoreDataProperties.swift in Sources */,
				2D3B71C52080E79600A38FD3 /* AboutViewController.swift in Sources */,
				2D167777207BD66300C099F6 /* NoteTemplatePresenter.swift in Sources */,
				2D6D873B20854CB3005AF594 /* AnalyticsService.swift in Sources */,
				2D6E9EE8207AF11C00A9759F /* NoteTemplate+CoreDataClass.swift in Sources */,
				2D1C53D1207D1F7F006C2816 /* NoteTemplateTableViewCell.swift in Sources */,
				2DA0B32B207523C0002CEBE8 /* NoteDetailTableViewCell.swift in Sources */,
				2D556E5C202E024F00A3DF8D /* NoteTableViewCell.swift in Sources */,
				2DF89F9F207FF79A005256CD /* DefaultTextField.swift in Sources */,
				2DD0A6C2200D315800B18E07 /* AppDelegate.swift in Sources */,
				2D5BE1BE207281B70094A6DC /* CoursesViewController.swift in Sources */,
				2D456400202B7B8A00A25235 /* PeriodPresenter.swift in Sources */,
				2D5BE1C2207284480094A6DC /* CourseTableViewCell.swift in Sources */,
				2D4563FB202B793F00A25235 /* CoreDataStack.swift in Sources */,
				2D556E56202D1F8100A3DF8D /* SetCoursesViewController.swift in Sources */,
				2DB0AC9B202B3F8600785509 /* NewPeriodViewController.swift in Sources */,
				2D955026202CA693001BF93F /* Course+CoreDataClass.swift in Sources */,
				2D556E58202DFA1400A3DF8D /* CreateNoteTemplateViewController.swift in Sources */,
				2DD0A6CA200D315800B18E07 /* Falta_Muito.xcdatamodeld in Sources */,
				2DA51F062019588000ED6B3F /* PeriodViewController.swift in Sources */,
				2D6E9EE9207AF11C00A9759F /* NoteTemplate+CoreDataProperties.swift in Sources */,
				2DEC84892071BA4F0004B55E /* CoursePresenter.swift in Sources */,
				2D955024202CA693001BF93F /* Note+CoreDataClass.swift in Sources */,
				2D4563F7202B785300A25235 /* Period+CoreDataClass.swift in Sources */,
				2DA51F0D2019624900ED6B3F /* PeriodTableViewCell.swift in Sources */,
			);
			runOnlyForDeploymentPostprocessing = 0;
		};
/* End PBXSourcesBuildPhase section */

/* Begin PBXVariantGroup section */
		2DD0A6C5200D315800B18E07 /* Main.storyboard */ = {
			isa = PBXVariantGroup;
			children = (
				2DD0A6C6200D315800B18E07 /* Base */,
			);
			name = Main.storyboard;
			sourceTree = "<group>";
		};
		2DD0A6CD200D315800B18E07 /* LaunchScreen.storyboard */ = {
			isa = PBXVariantGroup;
			children = (
				2DD0A6CE200D315800B18E07 /* Base */,
			);
			name = LaunchScreen.storyboard;
			sourceTree = "<group>";
		};
/* End PBXVariantGroup section */

/* Begin XCBuildConfiguration section */
		2D502C4A20C46C4A009975A0 /* Debug */ = {
			isa = XCBuildConfiguration;
			buildSettings = {
				ASSETCATALOG_COMPILER_APPICON_NAME = AppIcon;
				CODE_SIGN_ENTITLEMENTS = "Falta Muito?/Falta Muito?.entitlements";
				CODE_SIGN_STYLE = Automatic;
				DEVELOPMENT_TEAM = 2LEA6X25G9;
				INFOPLIST_FILE = "Falta Muito? copy-Info.plist";
				IPHONEOS_DEPLOYMENT_TARGET = 11.0;
				LD_RUNPATH_SEARCH_PATHS = "$(inherited) @executable_path/Frameworks";
				PRODUCT_BUNDLE_IDENTIFIER = "br.com.joseneves.Falta-Muito";
				PRODUCT_NAME = "$(TARGET_NAME)";
				SWIFT_OBJC_BRIDGING_HEADER = "/Users/joseneves/Xcode/falta-muito/Falta Muito?/Headers/Falta-Muito-Bridging-Header.h";
				SWIFT_VERSION = 4.0;
				TARGETED_DEVICE_FAMILY = 1;
			};
			name = Debug;
		};
		2D502C4B20C46C4A009975A0 /* Release */ = {
			isa = XCBuildConfiguration;
			buildSettings = {
				ASSETCATALOG_COMPILER_APPICON_NAME = AppIcon;
				CODE_SIGN_ENTITLEMENTS = "Falta Muito?/Falta Muito?.entitlements";
				CODE_SIGN_STYLE = Automatic;
				DEVELOPMENT_TEAM = 2LEA6X25G9;
				INFOPLIST_FILE = "Falta Muito? copy-Info.plist";
				IPHONEOS_DEPLOYMENT_TARGET = 11.0;
				LD_RUNPATH_SEARCH_PATHS = "$(inherited) @executable_path/Frameworks";
				PRODUCT_BUNDLE_IDENTIFIER = "br.com.joseneves.Falta-Muito";
				PRODUCT_NAME = "$(TARGET_NAME)";
				SWIFT_OBJC_BRIDGING_HEADER = "/Users/joseneves/Xcode/falta-muito/Falta Muito?/Headers/Falta-Muito-Bridging-Header.h";
				SWIFT_VERSION = 4.0;
				TARGETED_DEVICE_FAMILY = 1;
			};
			name = Release;
		};
		2DD0A6D1200D315800B18E07 /* Debug */ = {
			isa = XCBuildConfiguration;
			buildSettings = {
				ALWAYS_SEARCH_USER_PATHS = NO;
				CLANG_ANALYZER_NONNULL = YES;
				CLANG_ANALYZER_NUMBER_OBJECT_CONVERSION = YES_AGGRESSIVE;
				CLANG_CXX_LANGUAGE_STANDARD = "gnu++14";
				CLANG_CXX_LIBRARY = "libc++";
				CLANG_ENABLE_MODULES = YES;
				CLANG_ENABLE_OBJC_ARC = YES;
				CLANG_WARN_BLOCK_CAPTURE_AUTORELEASING = YES;
				CLANG_WARN_BOOL_CONVERSION = YES;
				CLANG_WARN_COMMA = YES;
				CLANG_WARN_CONSTANT_CONVERSION = YES;
				CLANG_WARN_DEPRECATED_OBJC_IMPLEMENTATIONS = YES;
				CLANG_WARN_DIRECT_OBJC_ISA_USAGE = YES_ERROR;
				CLANG_WARN_DOCUMENTATION_COMMENTS = YES;
				CLANG_WARN_EMPTY_BODY = YES;
				CLANG_WARN_ENUM_CONVERSION = YES;
				CLANG_WARN_INFINITE_RECURSION = YES;
				CLANG_WARN_INT_CONVERSION = YES;
				CLANG_WARN_NON_LITERAL_NULL_CONVERSION = YES;
				CLANG_WARN_OBJC_IMPLICIT_RETAIN_SELF = YES;
				CLANG_WARN_OBJC_LITERAL_CONVERSION = YES;
				CLANG_WARN_OBJC_ROOT_CLASS = YES_ERROR;
				CLANG_WARN_RANGE_LOOP_ANALYSIS = YES;
				CLANG_WARN_STRICT_PROTOTYPES = YES;
				CLANG_WARN_SUSPICIOUS_MOVE = YES;
				CLANG_WARN_UNGUARDED_AVAILABILITY = YES_AGGRESSIVE;
				CLANG_WARN_UNREACHABLE_CODE = YES;
				CLANG_WARN__DUPLICATE_METHOD_MATCH = YES;
				CODE_SIGN_IDENTITY = "iPhone Developer";
				COPY_PHASE_STRIP = NO;
				DEBUG_INFORMATION_FORMAT = dwarf;
				ENABLE_STRICT_OBJC_MSGSEND = YES;
				ENABLE_TESTABILITY = YES;
				GCC_C_LANGUAGE_STANDARD = gnu11;
				GCC_DYNAMIC_NO_PIC = NO;
				GCC_NO_COMMON_BLOCKS = YES;
				GCC_OPTIMIZATION_LEVEL = 0;
				GCC_PREPROCESSOR_DEFINITIONS = (
					"DEBUG=1",
					"$(inherited)",
				);
				GCC_WARN_64_TO_32_BIT_CONVERSION = YES;
				GCC_WARN_ABOUT_RETURN_TYPE = YES_ERROR;
				GCC_WARN_UNDECLARED_SELECTOR = YES;
				GCC_WARN_UNINITIALIZED_AUTOS = YES_AGGRESSIVE;
				GCC_WARN_UNUSED_FUNCTION = YES;
				GCC_WARN_UNUSED_VARIABLE = YES;
				IPHONEOS_DEPLOYMENT_TARGET = 11.0;
				MTL_ENABLE_DEBUG_INFO = YES;
				ONLY_ACTIVE_ARCH = YES;
				SDKROOT = iphoneos;
				SWIFT_ACTIVE_COMPILATION_CONDITIONS = DEBUG;
				SWIFT_OPTIMIZATION_LEVEL = "-Onone";
			};
			name = Debug;
		};
		2DD0A6D2200D315800B18E07 /* Release */ = {
			isa = XCBuildConfiguration;
			buildSettings = {
				ALWAYS_SEARCH_USER_PATHS = NO;
				CLANG_ANALYZER_NONNULL = YES;
				CLANG_ANALYZER_NUMBER_OBJECT_CONVERSION = YES_AGGRESSIVE;
				CLANG_CXX_LANGUAGE_STANDARD = "gnu++14";
				CLANG_CXX_LIBRARY = "libc++";
				CLANG_ENABLE_MODULES = YES;
				CLANG_ENABLE_OBJC_ARC = YES;
				CLANG_WARN_BLOCK_CAPTURE_AUTORELEASING = YES;
				CLANG_WARN_BOOL_CONVERSION = YES;
				CLANG_WARN_COMMA = YES;
				CLANG_WARN_CONSTANT_CONVERSION = YES;
				CLANG_WARN_DEPRECATED_OBJC_IMPLEMENTATIONS = YES;
				CLANG_WARN_DIRECT_OBJC_ISA_USAGE = YES_ERROR;
				CLANG_WARN_DOCUMENTATION_COMMENTS = YES;
				CLANG_WARN_EMPTY_BODY = YES;
				CLANG_WARN_ENUM_CONVERSION = YES;
				CLANG_WARN_INFINITE_RECURSION = YES;
				CLANG_WARN_INT_CONVERSION = YES;
				CLANG_WARN_NON_LITERAL_NULL_CONVERSION = YES;
				CLANG_WARN_OBJC_IMPLICIT_RETAIN_SELF = YES;
				CLANG_WARN_OBJC_LITERAL_CONVERSION = YES;
				CLANG_WARN_OBJC_ROOT_CLASS = YES_ERROR;
				CLANG_WARN_RANGE_LOOP_ANALYSIS = YES;
				CLANG_WARN_STRICT_PROTOTYPES = YES;
				CLANG_WARN_SUSPICIOUS_MOVE = YES;
				CLANG_WARN_UNGUARDED_AVAILABILITY = YES_AGGRESSIVE;
				CLANG_WARN_UNREACHABLE_CODE = YES;
				CLANG_WARN__DUPLICATE_METHOD_MATCH = YES;
				CODE_SIGN_IDENTITY = "iPhone Developer";
				COPY_PHASE_STRIP = NO;
				DEBUG_INFORMATION_FORMAT = "dwarf-with-dsym";
				ENABLE_NS_ASSERTIONS = NO;
				ENABLE_STRICT_OBJC_MSGSEND = YES;
				GCC_C_LANGUAGE_STANDARD = gnu11;
				GCC_NO_COMMON_BLOCKS = YES;
				GCC_WARN_64_TO_32_BIT_CONVERSION = YES;
				GCC_WARN_ABOUT_RETURN_TYPE = YES_ERROR;
				GCC_WARN_UNDECLARED_SELECTOR = YES;
				GCC_WARN_UNINITIALIZED_AUTOS = YES_AGGRESSIVE;
				GCC_WARN_UNUSED_FUNCTION = YES;
				GCC_WARN_UNUSED_VARIABLE = YES;
				IPHONEOS_DEPLOYMENT_TARGET = 11.0;
				MTL_ENABLE_DEBUG_INFO = NO;
				SDKROOT = iphoneos;
				SWIFT_OPTIMIZATION_LEVEL = "-Owholemodule";
				VALIDATE_PRODUCT = YES;
			};
			name = Release;
		};
		2DD0A6D4200D315800B18E07 /* Debug */ = {
			isa = XCBuildConfiguration;
			baseConfigurationReference = 285870DAD806E1D71CA7A23B /* Pods-Falta Muito?.debug.xcconfig */;
			buildSettings = {
				ASSETCATALOG_COMPILER_APPICON_NAME = AppIcon;
				CODE_SIGN_ENTITLEMENTS = "Falta Muito?/Falta Muito?.entitlements";
				CODE_SIGN_STYLE = Automatic;
				DEVELOPMENT_TEAM = 2LEA6X25G9;
				INFOPLIST_FILE = "Falta Muito?/Info.plist";
				IPHONEOS_DEPLOYMENT_TARGET = 11.0;
				LD_RUNPATH_SEARCH_PATHS = "$(inherited) @executable_path/Frameworks";
				PRODUCT_BUNDLE_IDENTIFIER = "br.com.joseneves.Falta-Muito";
				PRODUCT_NAME = "$(TARGET_NAME)";
				SWIFT_OBJC_BRIDGING_HEADER = "/Users/joseneves/Xcode/falta-muito/Falta Muito?/Headers/Falta-Muito-Bridging-Header.h";
				SWIFT_VERSION = 4.0;
				TARGETED_DEVICE_FAMILY = 1;
			};
			name = Debug;
		};
		2DD0A6D5200D315800B18E07 /* Release */ = {
			isa = XCBuildConfiguration;
			baseConfigurationReference = 87134D85208607357F3294AE /* Pods-Falta Muito?.release.xcconfig */;
			buildSettings = {
				ASSETCATALOG_COMPILER_APPICON_NAME = AppIcon;
				CODE_SIGN_ENTITLEMENTS = "Falta Muito?/Falta Muito?.entitlements";
				CODE_SIGN_STYLE = Automatic;
				DEVELOPMENT_TEAM = 2LEA6X25G9;
				INFOPLIST_FILE = "Falta Muito?/Info.plist";
				IPHONEOS_DEPLOYMENT_TARGET = 11.0;
				LD_RUNPATH_SEARCH_PATHS = "$(inherited) @executable_path/Frameworks";
				PRODUCT_BUNDLE_IDENTIFIER = "br.com.joseneves.Falta-Muito";
				PRODUCT_NAME = "$(TARGET_NAME)";
				SWIFT_OBJC_BRIDGING_HEADER = "/Users/joseneves/Xcode/falta-muito/Falta Muito?/Headers/Falta-Muito-Bridging-Header.h";
				SWIFT_VERSION = 4.0;
				TARGETED_DEVICE_FAMILY = 1;
			};
			name = Release;
		};
/* End XCBuildConfiguration section */

/* Begin XCConfigurationList section */
		2D502C4920C46C4A009975A0 /* Build configuration list for PBXNativeTarget "Falta Muito? PROD" */ = {
			isa = XCConfigurationList;
			buildConfigurations = (
				2D502C4A20C46C4A009975A0 /* Debug */,
				2D502C4B20C46C4A009975A0 /* Release */,
			);
			defaultConfigurationIsVisible = 0;
			defaultConfigurationName = Release;
		};
		2DD0A6B9200D315800B18E07 /* Build configuration list for PBXProject "Falta Muito?" */ = {
			isa = XCConfigurationList;
			buildConfigurations = (
				2DD0A6D1200D315800B18E07 /* Debug */,
				2DD0A6D2200D315800B18E07 /* Release */,
			);
			defaultConfigurationIsVisible = 0;
			defaultConfigurationName = Release;
		};
		2DD0A6D3200D315800B18E07 /* Build configuration list for PBXNativeTarget "Falta Muito?" */ = {
			isa = XCConfigurationList;
			buildConfigurations = (
				2DD0A6D4200D315800B18E07 /* Debug */,
				2DD0A6D5200D315800B18E07 /* Release */,
			);
			defaultConfigurationIsVisible = 0;
			defaultConfigurationName = Release;
		};
/* End XCConfigurationList section */

/* Begin XCVersionGroup section */
		2DD0A6C8200D315800B18E07 /* Falta_Muito.xcdatamodeld */ = {
			isa = XCVersionGroup;
			children = (
				2DD0A6C9200D315800B18E07 /* Falta_Muito_.xcdatamodel */,
			);
			currentVersion = 2DD0A6C9200D315800B18E07 /* Falta_Muito_.xcdatamodel */;
			path = Falta_Muito.xcdatamodeld;
			sourceTree = "<group>";
			versionGroupType = wrapper.xcdatamodel;
		};
/* End XCVersionGroup section */
	};
	rootObject = 2DD0A6B6200D315800B18E07 /* Project object */;
}
